
Microsoft Visual Studio Solution File, Format Version 12.00
Project("{FAE04EC0-301F-11D3-BF4B-00C04F79EFBC}") = "EcologySite", "EcologySite\EcologySite.csproj", "{C156AB31-1A24-458A-9097-11879E7A8AE5}"
EndProject
Project("{FAE04EC0-301F-11D3-BF4B-00C04F79EFBC}") = "Ecology.Data", "Ecology.Data\Ecology.Data.csproj", "{2E13B834-26E4-420A-A743-D7BC3BB058F2}"
EndProject
Project("{FAE04EC0-301F-11D3-BF4B-00C04F79EFBC}") = "Ecology.Data.Interface", "Ecology.Data.Interface\Ecology.Data.Interface.csproj", "{187DD09C-ADB3-4B41-8A4D-D4B8DCAB4330}"
EndProject
Project("{FAE04EC0-301F-11D3-BF4B-00C04F79EFBC}") = "Ecology.Data.Fake", "Ecology.Data.Fake\Ecology.Data.Fake.csproj", "{D13EB2B3-58C2-4F8F-A9DF-F85808A7F9B2}"
EndProject
Project("{FAE04EC0-301F-11D3-BF4B-00C04F79EFBC}") = "Enums", "Enums\Enums.csproj", "{F12AE328-F6AE-4A92-BA53-F786F4E00D1F}"
EndProject
Project("{FAE04EC0-301F-11D3-BF4B-00C04F79EFBC}") = "ChatMinimalApi", "ChatMinimalApi\ChatMinimalApi.csproj", "{FC5576BA-1E42-4777-9FE8-7CA3D6F18994}"
EndProject
Project("{FAE04EC0-301F-11D3-BF4B-00C04F79EFBC}") = "MapMinimalApi", "MapMinimalApi\MapMinimalApi.csproj", "{F6C83730-D415-4F52-B5A6-AC25185F81CF}"
EndProject
Project("{FAE04EC0-301F-11D3-BF4B-00C04F79EFBC}") = "EcologySite.E2E", "EcologySite.E2E\EcologySite.E2E.csproj", "{FC50EFC2-BDAF-4704-953C-1DEA3E20426C}"
EndProject
Project("{FAE04EC0-301F-11D3-BF4B-00C04F79EFBC}") = "ReflectionExample", "ReflectionExample\ReflectionExample.csproj", "{B3A937FA-9B76-4AA6-BC60-AF103CC0A2B4}"
EndProject
Project("{FAE04EC0-301F-11D3-BF4B-00C04F79EFBC}") = "MultyTreadConsole", "MultyTreadConsole\MultyTreadConsole.csproj", "{D0F83E66-B7C4-449F-AB6C-CC8CCE8042E5}"
EndProject
Project("{FAE04EC0-301F-11D3-BF4B-00C04F79EFBC}") = "ExpressionConsole", "ExpressionConsole\ExpressionConsole.csproj", "{C48D5DD1-38AC-4FCD-A6C9-21D7FD3DF4AD}"
EndProject
Global
	GlobalSection(SolutionConfigurationPlatforms) = preSolution
		Debug|Any CPU = Debug|Any CPU
		Release|Any CPU = Release|Any CPU
	EndGlobalSection
	GlobalSection(ProjectConfigurationPlatforms) = postSolution
		{C156AB31-1A24-458A-9097-11879E7A8AE5}.Debug|Any CPU.ActiveCfg = Debug|Any CPU
		{C156AB31-1A24-458A-9097-11879E7A8AE5}.Debug|Any CPU.Build.0 = Debug|Any CPU
		{C156AB31-1A24-458A-9097-11879E7A8AE5}.Release|Any CPU.ActiveCfg = Release|Any CPU
		{C156AB31-1A24-458A-9097-11879E7A8AE5}.Release|Any CPU.Build.0 = Release|Any CPU
		{2E13B834-26E4-420A-A743-D7BC3BB058F2}.Debug|Any CPU.ActiveCfg = Debug|Any CPU
		{2E13B834-26E4-420A-A743-D7BC3BB058F2}.Debug|Any CPU.Build.0 = Debug|Any CPU
		{2E13B834-26E4-420A-A743-D7BC3BB058F2}.Release|Any CPU.ActiveCfg = Release|Any CPU
		{2E13B834-26E4-420A-A743-D7BC3BB058F2}.Release|Any CPU.Build.0 = Release|Any CPU
		{187DD09C-ADB3-4B41-8A4D-D4B8DCAB4330}.Debug|Any CPU.ActiveCfg = Debug|Any CPU
		{187DD09C-ADB3-4B41-8A4D-D4B8DCAB4330}.Debug|Any CPU.Build.0 = Debug|Any CPU
		{187DD09C-ADB3-4B41-8A4D-D4B8DCAB4330}.Release|Any CPU.ActiveCfg = Release|Any CPU
		{187DD09C-ADB3-4B41-8A4D-D4B8DCAB4330}.Release|Any CPU.Build.0 = Release|Any CPU
		{D13EB2B3-58C2-4F8F-A9DF-F85808A7F9B2}.Debug|Any CPU.ActiveCfg = Debug|Any CPU
		{D13EB2B3-58C2-4F8F-A9DF-F85808A7F9B2}.Debug|Any CPU.Build.0 = Debug|Any CPU
		{D13EB2B3-58C2-4F8F-A9DF-F85808A7F9B2}.Release|Any CPU.ActiveCfg = Release|Any CPU
		{D13EB2B3-58C2-4F8F-A9DF-F85808A7F9B2}.Release|Any CPU.Build.0 = Release|Any CPU
		{F12AE328-F6AE-4A92-BA53-F786F4E00D1F}.Debug|Any CPU.ActiveCfg = Debug|Any CPU
		{F12AE328-F6AE-4A92-BA53-F786F4E00D1F}.Debug|Any CPU.Build.0 = Debug|Any CPU
		{F12AE328-F6AE-4A92-BA53-F786F4E00D1F}.Release|Any CPU.ActiveCfg = Release|Any CPU
		{F12AE328-F6AE-4A92-BA53-F786F4E00D1F}.Release|Any CPU.Build.0 = Release|Any CPU
		{FC5576BA-1E42-4777-9FE8-7CA3D6F18994}.Debug|Any CPU.ActiveCfg = Debug|Any CPU
		{FC5576BA-1E42-4777-9FE8-7CA3D6F18994}.Debug|Any CPU.Build.0 = Debug|Any CPU
		{FC5576BA-1E42-4777-9FE8-7CA3D6F18994}.Release|Any CPU.ActiveCfg = Release|Any CPU
		{FC5576BA-1E42-4777-9FE8-7CA3D6F18994}.Release|Any CPU.Build.0 = Release|Any CPU
		{F6C83730-D415-4F52-B5A6-AC25185F81CF}.Debug|Any CPU.ActiveCfg = Debug|Any CPU
		{F6C83730-D415-4F52-B5A6-AC25185F81CF}.Debug|Any CPU.Build.0 = Debug|Any CPU
		{F6C83730-D415-4F52-B5A6-AC25185F81CF}.Release|Any CPU.ActiveCfg = Release|Any CPU
		{F6C83730-D415-4F52-B5A6-AC25185F81CF}.Release|Any CPU.Build.0 = Release|Any CPU
		{FC50EFC2-BDAF-4704-953C-1DEA3E20426C}.Debug|Any CPU.ActiveCfg = Debug|Any CPU
		{FC50EFC2-BDAF-4704-953C-1DEA3E20426C}.Debug|Any CPU.Build.0 = Debug|Any CPU
		{FC50EFC2-BDAF-4704-953C-1DEA3E20426C}.Release|Any CPU.ActiveCfg = Release|Any CPU
		{FC50EFC2-BDAF-4704-953C-1DEA3E20426C}.Release|Any CPU.Build.0 = Release|Any CPU
		{B3A937FA-9B76-4AA6-BC60-AF103CC0A2B4}.Debug|Any CPU.ActiveCfg = Debug|Any CPU
		{B3A937FA-9B76-4AA6-BC60-AF103CC0A2B4}.Debug|Any CPU.Build.0 = Debug|Any CPU
		{B3A937FA-9B76-4AA6-BC60-AF103CC0A2B4}.Release|Any CPU.ActiveCfg = Release|Any CPU
		{B3A937FA-9B76-4AA6-BC60-AF103CC0A2B4}.Release|Any CPU.Build.0 = Release|Any CPU
		{D0F83E66-B7C4-449F-AB6C-CC8CCE8042E5}.Debug|Any CPU.ActiveCfg = Debug|Any CPU
		{D0F83E66-B7C4-449F-AB6C-CC8CCE8042E5}.Debug|Any CPU.Build.0 = Debug|Any CPU
		{D0F83E66-B7C4-449F-AB6C-CC8CCE8042E5}.Release|Any CPU.ActiveCfg = Release|Any CPU
		{D0F83E66-B7C4-449F-AB6C-CC8CCE8042E5}.Release|Any CPU.Build.0 = Release|Any CPU
		{C48D5DD1-38AC-4FCD-A6C9-21D7FD3DF4AD}.Debug|Any CPU.ActiveCfg = Debug|Any CPU
		{C48D5DD1-38AC-4FCD-A6C9-21D7FD3DF4AD}.Debug|Any CPU.Build.0 = Debug|Any CPU
		{C48D5DD1-38AC-4FCD-A6C9-21D7FD3DF4AD}.Release|Any CPU.ActiveCfg = Release|Any CPU
		{C48D5DD1-38AC-4FCD-A6C9-21D7FD3DF4AD}.Release|Any CPU.Build.0 = Release|Any CPU
	EndGlobalSection
EndGlobal
